
Microsoft Visual Studio Solution File, Format Version 12.00
# Visual Studio Version 16
VisualStudioVersion = 16.0.29102.190
MinimumVisualStudioVersion = 10.0.40219.1
Project("{2150E333-8FDC-42A3-9474-1A3956D46DE8}") = "BuildingBlocks", "BuildingBlocks", "{32736F00-1628-40C7-9872-32018666F305}"
EndProject
Project("{2150E333-8FDC-42A3-9474-1A3956D46DE8}") = "Services", "Services", "{9AB86A24-F040-42B0-9BB4-86DD9D2ACC75}"
EndProject
Project("{2150E333-8FDC-42A3-9474-1A3956D46DE8}") = "Bus", "Bus", "{54208A81-8687-4E23-96DF-CA1F7C17A58E}"
EndProject
Project("{FAE04EC0-301F-11D3-BF4B-00C04F79EFBC}") = "EventBus", "EventBus\EventBus.csproj", "{BB8A0460-BBF0-42FA-95F0-06EC7D344349}"
EndProject
Project("{FAE04EC0-301F-11D3-BF4B-00C04F79EFBC}") = "EventBusRabbitMQ", "EventBusRabbitMQ\EventBusRabbitMQ.csproj", "{A0B79096-0CFB-43F0-B5B4-6CEF7A92ED91}"
EndProject
Project("{2150E333-8FDC-42A3-9474-1A3956D46DE8}") = "Basket", "Basket", "{CA64E6FD-F7FD-4FCF-A62E-1196706ACF0A}"
EndProject
Project("{FAE04EC0-301F-11D3-BF4B-00C04F79EFBC}") = "Basket.API", "Basket.API\Basket.API.csproj", "{0CC94A81-4FA4-40B0-93F5-BC61547CEB85}"
EndProject
Project("{2150E333-8FDC-42A3-9474-1A3956D46DE8}") = "Catalog", "Catalog", "{12F144B9-8F9A-4A39-9EC2-C71B5146FA8B}"
EndProject
Project("{FAE04EC0-301F-11D3-BF4B-00C04F79EFBC}") = "Catalog.API", "Catalog.API\Catalog.API.csproj", "{DE86C34F-D104-422E-9E58-EC2A144329F5}"
EndProject
Global
	GlobalSection(SolutionConfigurationPlatforms) = preSolution
		Debug|Any CPU = Debug|Any CPU
		Release|Any CPU = Release|Any CPU
	EndGlobalSection
	GlobalSection(ProjectConfigurationPlatforms) = postSolution
		{BB8A0460-BBF0-42FA-95F0-06EC7D344349}.Debug|Any CPU.ActiveCfg = Debug|Any CPU
		{BB8A0460-BBF0-42FA-95F0-06EC7D344349}.Debug|Any CPU.Build.0 = Debug|Any CPU
		{BB8A0460-BBF0-42FA-95F0-06EC7D344349}.Release|Any CPU.ActiveCfg = Release|Any CPU
		{BB8A0460-BBF0-42FA-95F0-06EC7D344349}.Release|Any CPU.Build.0 = Release|Any CPU
		{A0B79096-0CFB-43F0-B5B4-6CEF7A92ED91}.Debug|Any CPU.ActiveCfg = Debug|Any CPU
		{A0B79096-0CFB-43F0-B5B4-6CEF7A92ED91}.Debug|Any CPU.Build.0 = Debug|Any CPU
		{A0B79096-0CFB-43F0-B5B4-6CEF7A92ED91}.Release|Any CPU.ActiveCfg = Release|Any CPU
		{A0B79096-0CFB-43F0-B5B4-6CEF7A92ED91}.Release|Any CPU.Build.0 = Release|Any CPU
		{0CC94A81-4FA4-40B0-93F5-BC61547CEB85}.Debug|Any CPU.ActiveCfg = Debug|Any CPU
		{0CC94A81-4FA4-40B0-93F5-BC61547CEB85}.Debug|Any CPU.Build.0 = Debug|Any CPU
		{0CC94A81-4FA4-40B0-93F5-BC61547CEB85}.Release|Any CPU.ActiveCfg = Release|Any CPU
		{0CC94A81-4FA4-40B0-93F5-BC61547CEB85}.Release|Any CPU.Build.0 = Release|Any CPU
		{DE86C34F-D104-422E-9E58-EC2A144329F5}.Debug|Any CPU.ActiveCfg = Debug|Any CPU
		{DE86C34F-D104-422E-9E58-EC2A144329F5}.Debug|Any CPU.Build.0 = Debug|Any CPU
		{DE86C34F-D104-422E-9E58-EC2A144329F5}.Release|Any CPU.ActiveCfg = Release|Any CPU
		{DE86C34F-D104-422E-9E58-EC2A144329F5}.Release|Any CPU.Build.0 = Release|Any CPU
	EndGlobalSection
	GlobalSection(SolutionProperties) = preSolution
		HideSolutionNode = FALSE
	EndGlobalSection
	GlobalSection(NestedProjects) = preSolution
		{54208A81-8687-4E23-96DF-CA1F7C17A58E} = {32736F00-1628-40C7-9872-32018666F305}
		{BB8A0460-BBF0-42FA-95F0-06EC7D344349} = {54208A81-8687-4E23-96DF-CA1F7C17A58E}
		{A0B79096-0CFB-43F0-B5B4-6CEF7A92ED91} = {54208A81-8687-4E23-96DF-CA1F7C17A58E}
		{CA64E6FD-F7FD-4FCF-A62E-1196706ACF0A} = {9AB86A24-F040-42B0-9BB4-86DD9D2ACC75}
		{0CC94A81-4FA4-40B0-93F5-BC61547CEB85} = {CA64E6FD-F7FD-4FCF-A62E-1196706ACF0A}
		{12F144B9-8F9A-4A39-9EC2-C71B5146FA8B} = {9AB86A24-F040-42B0-9BB4-86DD9D2ACC75}
		{DE86C34F-D104-422E-9E58-EC2A144329F5} = {12F144B9-8F9A-4A39-9EC2-C71B5146FA8B}
	EndGlobalSection
	GlobalSection(ExtensibilityGlobals) = postSolution
		SolutionGuid = {B5AAEB0A-6BDE-4F14-B99B-C36257B8A9C0}
	EndGlobalSection
EndGlobal
