
Microsoft Visual Studio Solution File, Format Version 12.00
# Visual Studio Version 16
VisualStudioVersion = 16.0.29102.190
MinimumVisualStudioVersion = 10.0.40219.1
Project("{2150E333-8FDC-42A3-9474-1A3956D46DE8}") = "BuildingBlocks", "BuildingBlocks", "{32736F00-1628-40C7-9872-32018666F305}"
EndProject
Project("{2150E333-8FDC-42A3-9474-1A3956D46DE8}") = "Services", "Services", "{9AB86A24-F040-42B0-9BB4-86DD9D2ACC75}"
EndProject
Project("{2150E333-8FDC-42A3-9474-1A3956D46DE8}") = "Bus", "Bus", "{54208A81-8687-4E23-96DF-CA1F7C17A58E}"
EndProject
Project("{9A19103F-16F7-4668-BE54-9A1E7A4F7556}") = "EventBus", "EventBus\EventBus.csproj", "{BB8A0460-BBF0-42FA-95F0-06EC7D344349}"
EndProject
Project("{9A19103F-16F7-4668-BE54-9A1E7A4F7556}") = "EventBusRabbitMQ", "EventBusRabbitMQ\EventBusRabbitMQ.csproj", "{A0B79096-0CFB-43F0-B5B4-6CEF7A92ED91}"
EndProject
Project("{2150E333-8FDC-42A3-9474-1A3956D46DE8}") = "Basket", "Basket", "{CA64E6FD-F7FD-4FCF-A62E-1196706ACF0A}"
EndProject
Project("{9A19103F-16F7-4668-BE54-9A1E7A4F7556}") = "Basket.API", "Basket.API\Basket.API.csproj", "{0CC94A81-4FA4-40B0-93F5-BC61547CEB85}"
EndProject
Project("{2150E333-8FDC-42A3-9474-1A3956D46DE8}") = "Catalog", "Catalog", "{12F144B9-8F9A-4A39-9EC2-C71B5146FA8B}"
EndProject
Project("{9A19103F-16F7-4668-BE54-9A1E7A4F7556}") = "Catalog.API", "Catalog.API\Catalog.API.csproj", "{DE86C34F-D104-422E-9E58-EC2A144329F5}"
EndProject
Project("{2150E333-8FDC-42A3-9474-1A3956D46DE8}") = "Ordering", "Ordering", "{F53B352C-C206-4AA1-9890-13DCEDA286E8}"
EndProject
Project("{9A19103F-16F7-4668-BE54-9A1E7A4F7556}") = "Ordering.API", "Ordering.API\Ordering.API.csproj", "{632E64ED-B904-4408-B41D-86309B8FA276}"
EndProject
Project("{9A19103F-16F7-4668-BE54-9A1E7A4F7556}") = "Ordering.Domain", "Ordering.Domain\Ordering.Domain.csproj", "{36BADA59-17CA-4A27-834D-08432F61674C}"
EndProject
Project("{9A19103F-16F7-4668-BE54-9A1E7A4F7556}") = "Ordering.Infrastructure", "Ordering.Infrastructure\Ordering.Infrastructure.csproj", "{136E10A0-74E9-48DC-AD65-67E40CA69700}"
EndProject
Project("{2150E333-8FDC-42A3-9474-1A3956D46DE8}") = "Identity", "Identity", "{E819517C-295A-4E7C-835F-2E904E323940}"
EndProject
Project("{9A19103F-16F7-4668-BE54-9A1E7A4F7556}") = "Identity.API", "Identity.API\Identity.API.csproj", "{FDCBF80F-975C-4536-A64D-3A9A0F5E66D3}"
EndProject
Project("{9A19103F-16F7-4668-BE54-9A1E7A4F7556}") = "IntegrationEventLogEF", "IntegrationEventLogEF\IntegrationEventLogEF.csproj", "{7A52B00B-5158-4119-A555-D04D15E51E8E}"
EndProject
Project("{9A19103F-16F7-4668-BE54-9A1E7A4F7556}") = "EventBusServiceBus", "EventBusServiceBus\EventBusServiceBus.csproj", "{E5B0D831-FB04-4A21-9981-0D46A6A1CCFF}"
EndProject
Project("{2150E333-8FDC-42A3-9474-1A3956D46DE8}") = "WebHost", "WebHost", "{D067C785-FD0F-4C2A-BC82-F31FA56AE1A4}"
EndProject
Project("{FAE04EC0-301F-11D3-BF4B-00C04F79EFBC}") = "WebHost.Customization", "WebHost.Customization\WebHost.Customization.csproj", "{30A67E76-3E49-4E69-A9F3-5C499EC39F5C}"
EndProject
Global
	GlobalSection(SolutionConfigurationPlatforms) = preSolution
		Debug|Any CPU = Debug|Any CPU
		Release|Any CPU = Release|Any CPU
	EndGlobalSection
	GlobalSection(ProjectConfigurationPlatforms) = postSolution
		{BB8A0460-BBF0-42FA-95F0-06EC7D344349}.Debug|Any CPU.ActiveCfg = Debug|Any CPU
		{BB8A0460-BBF0-42FA-95F0-06EC7D344349}.Debug|Any CPU.Build.0 = Debug|Any CPU
		{BB8A0460-BBF0-42FA-95F0-06EC7D344349}.Release|Any CPU.ActiveCfg = Release|Any CPU
		{BB8A0460-BBF0-42FA-95F0-06EC7D344349}.Release|Any CPU.Build.0 = Release|Any CPU
		{A0B79096-0CFB-43F0-B5B4-6CEF7A92ED91}.Debug|Any CPU.ActiveCfg = Debug|Any CPU
		{A0B79096-0CFB-43F0-B5B4-6CEF7A92ED91}.Debug|Any CPU.Build.0 = Debug|Any CPU
		{A0B79096-0CFB-43F0-B5B4-6CEF7A92ED91}.Release|Any CPU.ActiveCfg = Release|Any CPU
		{A0B79096-0CFB-43F0-B5B4-6CEF7A92ED91}.Release|Any CPU.Build.0 = Release|Any CPU
		{0CC94A81-4FA4-40B0-93F5-BC61547CEB85}.Debug|Any CPU.ActiveCfg = Debug|Any CPU
		{0CC94A81-4FA4-40B0-93F5-BC61547CEB85}.Debug|Any CPU.Build.0 = Debug|Any CPU
		{0CC94A81-4FA4-40B0-93F5-BC61547CEB85}.Release|Any CPU.ActiveCfg = Release|Any CPU
		{0CC94A81-4FA4-40B0-93F5-BC61547CEB85}.Release|Any CPU.Build.0 = Release|Any CPU
		{DE86C34F-D104-422E-9E58-EC2A144329F5}.Debug|Any CPU.ActiveCfg = Debug|Any CPU
		{DE86C34F-D104-422E-9E58-EC2A144329F5}.Debug|Any CPU.Build.0 = Debug|Any CPU
		{DE86C34F-D104-422E-9E58-EC2A144329F5}.Release|Any CPU.ActiveCfg = Release|Any CPU
		{DE86C34F-D104-422E-9E58-EC2A144329F5}.Release|Any CPU.Build.0 = Release|Any CPU
		{632E64ED-B904-4408-B41D-86309B8FA276}.Debug|Any CPU.ActiveCfg = Debug|Any CPU
		{632E64ED-B904-4408-B41D-86309B8FA276}.Debug|Any CPU.Build.0 = Debug|Any CPU
		{632E64ED-B904-4408-B41D-86309B8FA276}.Release|Any CPU.ActiveCfg = Release|Any CPU
		{632E64ED-B904-4408-B41D-86309B8FA276}.Release|Any CPU.Build.0 = Release|Any CPU
		{36BADA59-17CA-4A27-834D-08432F61674C}.Debug|Any CPU.ActiveCfg = Debug|Any CPU
		{36BADA59-17CA-4A27-834D-08432F61674C}.Debug|Any CPU.Build.0 = Debug|Any CPU
		{36BADA59-17CA-4A27-834D-08432F61674C}.Release|Any CPU.ActiveCfg = Release|Any CPU
		{36BADA59-17CA-4A27-834D-08432F61674C}.Release|Any CPU.Build.0 = Release|Any CPU
		{136E10A0-74E9-48DC-AD65-67E40CA69700}.Debug|Any CPU.ActiveCfg = Debug|Any CPU
		{136E10A0-74E9-48DC-AD65-67E40CA69700}.Debug|Any CPU.Build.0 = Debug|Any CPU
		{136E10A0-74E9-48DC-AD65-67E40CA69700}.Release|Any CPU.ActiveCfg = Release|Any CPU
		{136E10A0-74E9-48DC-AD65-67E40CA69700}.Release|Any CPU.Build.0 = Release|Any CPU
		{FDCBF80F-975C-4536-A64D-3A9A0F5E66D3}.Debug|Any CPU.ActiveCfg = Debug|Any CPU
		{FDCBF80F-975C-4536-A64D-3A9A0F5E66D3}.Debug|Any CPU.Build.0 = Debug|Any CPU
		{FDCBF80F-975C-4536-A64D-3A9A0F5E66D3}.Release|Any CPU.ActiveCfg = Release|Any CPU
		{FDCBF80F-975C-4536-A64D-3A9A0F5E66D3}.Release|Any CPU.Build.0 = Release|Any CPU
		{7A52B00B-5158-4119-A555-D04D15E51E8E}.Debug|Any CPU.ActiveCfg = Debug|Any CPU
		{7A52B00B-5158-4119-A555-D04D15E51E8E}.Debug|Any CPU.Build.0 = Debug|Any CPU
		{7A52B00B-5158-4119-A555-D04D15E51E8E}.Release|Any CPU.ActiveCfg = Release|Any CPU
		{7A52B00B-5158-4119-A555-D04D15E51E8E}.Release|Any CPU.Build.0 = Release|Any CPU
		{E5B0D831-FB04-4A21-9981-0D46A6A1CCFF}.Debug|Any CPU.ActiveCfg = Debug|Any CPU
		{E5B0D831-FB04-4A21-9981-0D46A6A1CCFF}.Debug|Any CPU.Build.0 = Debug|Any CPU
		{E5B0D831-FB04-4A21-9981-0D46A6A1CCFF}.Release|Any CPU.ActiveCfg = Release|Any CPU
		{E5B0D831-FB04-4A21-9981-0D46A6A1CCFF}.Release|Any CPU.Build.0 = Release|Any CPU
		{30A67E76-3E49-4E69-A9F3-5C499EC39F5C}.Debug|Any CPU.ActiveCfg = Debug|Any CPU
		{30A67E76-3E49-4E69-A9F3-5C499EC39F5C}.Debug|Any CPU.Build.0 = Debug|Any CPU
		{30A67E76-3E49-4E69-A9F3-5C499EC39F5C}.Release|Any CPU.ActiveCfg = Release|Any CPU
		{30A67E76-3E49-4E69-A9F3-5C499EC39F5C}.Release|Any CPU.Build.0 = Release|Any CPU
	EndGlobalSection
	GlobalSection(SolutionProperties) = preSolution
		HideSolutionNode = FALSE
	EndGlobalSection
	GlobalSection(NestedProjects) = preSolution
		{54208A81-8687-4E23-96DF-CA1F7C17A58E} = {32736F00-1628-40C7-9872-32018666F305}
		{BB8A0460-BBF0-42FA-95F0-06EC7D344349} = {54208A81-8687-4E23-96DF-CA1F7C17A58E}
		{A0B79096-0CFB-43F0-B5B4-6CEF7A92ED91} = {54208A81-8687-4E23-96DF-CA1F7C17A58E}
		{CA64E6FD-F7FD-4FCF-A62E-1196706ACF0A} = {9AB86A24-F040-42B0-9BB4-86DD9D2ACC75}
		{0CC94A81-4FA4-40B0-93F5-BC61547CEB85} = {CA64E6FD-F7FD-4FCF-A62E-1196706ACF0A}
		{12F144B9-8F9A-4A39-9EC2-C71B5146FA8B} = {9AB86A24-F040-42B0-9BB4-86DD9D2ACC75}
		{DE86C34F-D104-422E-9E58-EC2A144329F5} = {12F144B9-8F9A-4A39-9EC2-C71B5146FA8B}
		{F53B352C-C206-4AA1-9890-13DCEDA286E8} = {9AB86A24-F040-42B0-9BB4-86DD9D2ACC75}
		{632E64ED-B904-4408-B41D-86309B8FA276} = {F53B352C-C206-4AA1-9890-13DCEDA286E8}
		{36BADA59-17CA-4A27-834D-08432F61674C} = {F53B352C-C206-4AA1-9890-13DCEDA286E8}
		{136E10A0-74E9-48DC-AD65-67E40CA69700} = {F53B352C-C206-4AA1-9890-13DCEDA286E8}
		{E819517C-295A-4E7C-835F-2E904E323940} = {9AB86A24-F040-42B0-9BB4-86DD9D2ACC75}
		{FDCBF80F-975C-4536-A64D-3A9A0F5E66D3} = {E819517C-295A-4E7C-835F-2E904E323940}
		{7A52B00B-5158-4119-A555-D04D15E51E8E} = {54208A81-8687-4E23-96DF-CA1F7C17A58E}
		{E5B0D831-FB04-4A21-9981-0D46A6A1CCFF} = {54208A81-8687-4E23-96DF-CA1F7C17A58E}
		{D067C785-FD0F-4C2A-BC82-F31FA56AE1A4} = {32736F00-1628-40C7-9872-32018666F305}
		{30A67E76-3E49-4E69-A9F3-5C499EC39F5C} = {D067C785-FD0F-4C2A-BC82-F31FA56AE1A4}
	EndGlobalSection
	GlobalSection(ExtensibilityGlobals) = postSolution
		SolutionGuid = {B5AAEB0A-6BDE-4F14-B99B-C36257B8A9C0}
	EndGlobalSection
EndGlobal
